Microsoft Visual Studio Solution File, Format Version 12.00
# Visual Studio Version 17
VisualStudioVersion = 17.5.2.0
MinimumVisualStudioVersion = 10.0.40219.1
Project("{FAE04EC0-301F-11D3-BF4B-00C04F79EFBC}") = "DevFreela.API", "DevFreela.API.csproj", "{55756E9E-D57A-EEF9-FAFA-48949CA13238}"
EndProject
Global
	GlobalSection(SolutionConfigurationPlatforms) = preSolution
		Debug|Any CPU = Debug|Any CPU
		Release|Any CPU = Release|Any CPU
	EndGlobalSection
	GlobalSection(ProjectConfigurationPlatforms) = postSolution
		{55756E9E-D57A-EEF9-FAFA-48949CA13238}.Debug|Any CPU.ActiveCfg = Debug|Any CPU
		{55756E9E-D57A-EEF9-FAFA-48949CA13238}.Debug|Any CPU.Build.0 = Debug|Any CPU
		{55756E9E-D57A-EEF9-FAFA-48949CA13238}.Release|Any CPU.ActiveCfg = Release|Any CPU
		{55756E9E-D57A-EEF9-FAFA-48949CA13238}.Release|Any CPU.Build.0 = Release|Any CPU
	EndGlobalSection
	GlobalSection(SolutionProperties) = preSolution
		HideSolutionNode = FALSE
	EndGlobalSection
	GlobalSection(ExtensibilityGlobals) = postSolution
		SolutionGuid = {D320615F-0206-433A-9A2A-1C3CA026719B}
	EndGlobalSection
EndGlobal
